
Microsoft Visual Studio Solution File, Format Version 12.00
# Visual Studio Version 17
VisualStudioVersion = 17.14.36121.58 d17.14
MinimumVisualStudioVersion = 10.0.40219.1
Project("{FAE04EC0-301F-11D3-BF4B-00C04F79EFBC}") = "Vidrieria", "Vidrieria.csproj", "{C6618E8E-7EEF-4860-A780-6B1634EF5A04}"
EndProject
Global
	GlobalSection(SolutionConfigurationPlatforms) = preSolution
		Debug|Any CPU = Debug|Any CPU
		Release|Any CPU = Release|Any CPU
	EndGlobalSection
	GlobalSection(ProjectConfigurationPlatforms) = postSolution
		{C6618E8E-7EEF-4860-A780-6B1634EF5A04}.Debug|Any CPU.ActiveCfg = Debug|Any CPU
		{C6618E8E-7EEF-4860-A780-6B1634EF5A04}.Debug|Any CPU.Build.0 = Debug|Any CPU
		{C6618E8E-7EEF-4860-A780-6B1634EF5A04}.Release|Any CPU.ActiveCfg = Release|Any CPU
		{C6618E8E-7EEF-4860-A780-6B1634EF5A04}.Release|Any CPU.Build.0 = Release|Any CPU
	EndGlobalSection
	GlobalSection(SolutionProperties) = preSolution
		HideSolutionNode = FALSE
	EndGlobalSection
	GlobalSection(ExtensibilityGlobals) = postSolution
		SolutionGuid = {7C0255DF-F01A-4ABF-9D5B-968E1C00CCD7}
	EndGlobalSection
EndGlobal
